// !$*UTF8*$!
{
	archiveVersion = 1;
	classes = {
	};
	objectVersion = 56;
	objects = {

/* Begin PBXBuildFile section */
		EA03B58F2B629CDC008BF435 /* RecipeModel.xcdatamodeld in Sources */ = {isa = PBXBuildFile; fileRef = EA03B58D2B629CDC008BF435 /* RecipeModel.xcdatamodeld */; };
		EA03B5912B629F4E008BF435 /* PersistenceController.swift in Sources */ = {isa = PBXBuildFile; fileRef = EA03B5902B629F4E008BF435 /* PersistenceController.swift */; };
		EA14E2AC2B602D8000B4F9E5 /* DetailsRecipeView.swift in Sources */ = {isa = PBXBuildFile; fileRef = EA14E2AB2B602D8000B4F9E5 /* DetailsRecipeView.swift */; };
		EA4921F72B5C3BB000B774A8 /* RecipleaseApp.swift in Sources */ = {isa = PBXBuildFile; fileRef = EA4921F62B5C3BB000B774A8 /* RecipleaseApp.swift */; };
		EA4921FB2B5C3BB100B774A8 /* Assets.xcassets in Resources */ = {isa = PBXBuildFile; fileRef = EA4921FA2B5C3BB100B774A8 /* Assets.xcassets */; };
		EA4921FE2B5C3BB100B774A8 /* Preview Assets.xcassets in Resources */ = {isa = PBXBuildFile; fileRef = EA4921FD2B5C3BB100B774A8 /* Preview Assets.xcassets */; };
		EA49220D2B5C3BB100B774A8 /* RecipleaseTests.swift in Sources */ = {isa = PBXBuildFile; fileRef = EA49220C2B5C3BB100B774A8 /* RecipleaseTests.swift */; };
		EA4922172B5C3BB100B774A8 /* RecipleaseUITests.swift in Sources */ = {isa = PBXBuildFile; fileRef = EA4922162B5C3BB100B774A8 /* RecipleaseUITests.swift */; };
		EA4922192B5C3BB100B774A8 /* RecipleaseUITestsLaunchTests.swift in Sources */ = {isa = PBXBuildFile; fileRef = EA4922182B5C3BB100B774A8 /* RecipleaseUITestsLaunchTests.swift */; };
		EA4922262B5C413700B774A8 /* MainView.swift in Sources */ = {isa = PBXBuildFile; fileRef = EA4922252B5C413700B774A8 /* MainView.swift */; };
		EA4922282B5C41F800B774A8 /* SearchView.swift in Sources */ = {isa = PBXBuildFile; fileRef = EA4922272B5C41F800B774A8 /* SearchView.swift */; };
		EA49222A2B5C420C00B774A8 /* FavoriteView.swift in Sources */ = {isa = PBXBuildFile; fileRef = EA4922292B5C420C00B774A8 /* FavoriteView.swift */; };
		EA7E82562B5E838A00463BC6 /* SearchRecipe.swift in Sources */ = {isa = PBXBuildFile; fileRef = EA7E82542B5E838A00463BC6 /* SearchRecipe.swift */; };
		EA7E825A2B5E83EA00463BC6 /* Alamofire in Frameworks */ = {isa = PBXBuildFile; productRef = EA7E82592B5E83EA00463BC6 /* Alamofire */; };
		EA7E825B2B5EA5A200463BC6 /* SearchRecipe.swift in Sources */ = {isa = PBXBuildFile; fileRef = EA7E82542B5E838A00463BC6 /* SearchRecipe.swift */; };
		EA7E825C2B5EA5A500463BC6 /* SearchRecipeDetails.swift in Sources */ = {isa = PBXBuildFile; fileRef = EA7E82552B5E838A00463BC6 /* SearchRecipeDetails.swift */; };
		EA7E825E2B5EB4C200463BC6 /* ListRecipe.swift in Sources */ = {isa = PBXBuildFile; fileRef = EA7E825D2B5EB4C200463BC6 /* ListRecipe.swift */; };
/* End PBXBuildFile section */

/* Begin PBXContainerItemProxy section */
		EA4922092B5C3BB100B774A8 /* PBXContainerItemProxy */ = {
			isa = PBXContainerItemProxy;
			containerPortal = EA4921EB2B5C3BB000B774A8 /* Project object */;
			proxyType = 1;
			remoteGlobalIDString = EA4921F22B5C3BB000B774A8;
			remoteInfo = Reciplease;
		};
		EA4922132B5C3BB100B774A8 /* PBXContainerItemProxy */ = {
			isa = PBXContainerItemProxy;
			containerPortal = EA4921EB2B5C3BB000B774A8 /* Project object */;
			proxyType = 1;
			remoteGlobalIDString = EA4921F22B5C3BB000B774A8;
			remoteInfo = Reciplease;
		};
/* End PBXContainerItemProxy section */

/* Begin PBXFileReference section */
		EA03B58E2B629CDC008BF435 /* RecipeModel.xcdatamodel */ = {isa = PBXFileReference; lastKnownFileType = wrapper.xcdatamodel; path = RecipeModel.xcdatamodel; sourceTree = "<group>"; };
		EA03B5902B629F4E008BF435 /* PersistenceController.swift */ = {isa = PBXFileReference; lastKnownFileType = sourcecode.swift; path = PersistenceController.swift; sourceTree = "<group>"; };
		EA14E2AB2B602D8000B4F9E5 /* DetailsRecipeView.swift */ = {isa = PBXFileReference; lastKnownFileType = sourcecode.swift; path = DetailsRecipeView.swift; sourceTree = "<group>"; };
		EA4921F32B5C3BB000B774A8 /* Reciplease.app */ = {isa = PBXFileReference; explicitFileType = wrapper.application; includeInIndex = 0; path = Reciplease.app; sourceTree = BUILT_PRODUCTS_DIR; };
		EA4921F62B5C3BB000B774A8 /* RecipleaseApp.swift */ = {isa = PBXFileReference; lastKnownFileType = sourcecode.swift; path = RecipleaseApp.swift; sourceTree = "<group>"; };
		EA4921FA2B5C3BB100B774A8 /* Assets.xcassets */ = {isa = PBXFileReference; lastKnownFileType = folder.assetcatalog; path = Assets.xcassets; sourceTree = "<group>"; };
		EA4921FD2B5C3BB100B774A8 /* Preview Assets.xcassets */ = {isa = PBXFileReference; lastKnownFileType = folder.assetcatalog; path = "Preview Assets.xcassets"; sourceTree = "<group>"; };
		EA4922082B5C3BB100B774A8 /* RecipleaseTests.xctest */ = {isa = PBXFileReference; explicitFileType = wrapper.cfbundle; includeInIndex = 0; path = RecipleaseTests.xctest; sourceTree = BUILT_PRODUCTS_DIR; };
		EA49220C2B5C3BB100B774A8 /* RecipleaseTests.swift */ = {isa = PBXFileReference; lastKnownFileType = sourcecode.swift; path = RecipleaseTests.swift; sourceTree = "<group>"; };
		EA4922122B5C3BB100B774A8 /* RecipleaseUITests.xctest */ = {isa = PBXFileReference; explicitFileType = wrapper.cfbundle; includeInIndex = 0; path = RecipleaseUITests.xctest; sourceTree = BUILT_PRODUCTS_DIR; };
		EA4922162B5C3BB100B774A8 /* RecipleaseUITests.swift */ = {isa = PBXFileReference; lastKnownFileType = sourcecode.swift; path = RecipleaseUITests.swift; sourceTree = "<group>"; };
		EA4922182B5C3BB100B774A8 /* RecipleaseUITestsLaunchTests.swift */ = {isa = PBXFileReference; lastKnownFileType = sourcecode.swift; path = RecipleaseUITestsLaunchTests.swift; sourceTree = "<group>"; };
		EA4922252B5C413700B774A8 /* MainView.swift */ = {isa = PBXFileReference; lastKnownFileType = sourcecode.swift; path = MainView.swift; sourceTree = "<group>"; };
		EA4922272B5C41F800B774A8 /* SearchView.swift */ = {isa = PBXFileReference; lastKnownFileType = sourcecode.swift; path = SearchView.swift; sourceTree = "<group>"; };
		EA4922292B5C420C00B774A8 /* FavoriteView.swift */ = {isa = PBXFileReference; lastKnownFileType = sourcecode.swift; path = FavoriteView.swift; sourceTree = "<group>"; };
		EA7E82542B5E838A00463BC6 /* SearchRecipe.swift */ = {isa = PBXFileReference; fileEncoding = 4; lastKnownFileType = sourcecode.swift; path = SearchRecipe.swift; sourceTree = "<group>"; };
		EA7E82552B5E838A00463BC6 /* SearchRecipeDetails.swift */ = {isa = PBXFileReference; fileEncoding = 4; lastKnownFileType = sourcecode.swift; path = SearchRecipeDetails.swift; sourceTree = "<group>"; };
		EA7E825D2B5EB4C200463BC6 /* ListRecipe.swift */ = {isa = PBXFileReference; lastKnownFileType = sourcecode.swift; path = ListRecipe.swift; sourceTree = "<group>"; };
/* End PBXFileReference section */

/* Begin PBXFrameworksBuildPhase section */
		EA4921F02B5C3BB000B774A8 /* Frameworks */ = {
			isa = PBXFrameworksBuildPhase;
			buildActionMask = 2147483647;
			files = (
				EA7E825A2B5E83EA00463BC6 /* Alamofire in Frameworks */,
			);
			runOnlyForDeploymentPostprocessing = 0;
		};
		EA4922052B5C3BB100B774A8 /* Frameworks */ = {
			isa = PBXFrameworksBuildPhase;
			buildActionMask = 2147483647;
			files = (
			);
			runOnlyForDeploymentPostprocessing = 0;
		};
		EA49220F2B5C3BB100B774A8 /* Frameworks */ = {
			isa = PBXFrameworksBuildPhase;
			buildActionMask = 2147483647;
			files = (
			);
			runOnlyForDeploymentPostprocessing = 0;
		};
/* End PBXFrameworksBuildPhase section */

/* Begin PBXGroup section */
		EA14E2AA2B602D5600B4F9E5 /* View */ = {
			isa = PBXGroup;
			children = (
				EA4922252B5C413700B774A8 /* MainView.swift */,
				EA4922272B5C41F800B774A8 /* SearchView.swift */,
				EA4922292B5C420C00B774A8 /* FavoriteView.swift */,
				EA7E825D2B5EB4C200463BC6 /* ListRecipe.swift */,
				EA14E2AB2B602D8000B4F9E5 /* DetailsRecipeView.swift */,
			);
			path = View;
			sourceTree = "<group>";
		};
		EA4921EA2B5C3BB000B774A8 = {
			isa = PBXGroup;
			children = (
				EA4921F52B5C3BB000B774A8 /* Reciplease */,
				EA49220B2B5C3BB100B774A8 /* RecipleaseTests */,
				EA4922152B5C3BB100B774A8 /* RecipleaseUITests */,
				EA4921F42B5C3BB000B774A8 /* Products */,
			);
			sourceTree = "<group>";
		};
		EA4921F42B5C3BB000B774A8 /* Products */ = {
			isa = PBXGroup;
			children = (
				EA4921F32B5C3BB000B774A8 /* Reciplease.app */,
				EA4922082B5C3BB100B774A8 /* RecipleaseTests.xctest */,
				EA4922122B5C3BB100B774A8 /* RecipleaseUITests.xctest */,
			);
			name = Products;
			sourceTree = "<group>";
		};
		EA4921F52B5C3BB000B774A8 /* Reciplease */ = {
			isa = PBXGroup;
			children = (
				EA4921F62B5C3BB000B774A8 /* RecipleaseApp.swift */,
				EA4921FA2B5C3BB100B774A8 /* Assets.xcassets */,
				EA4921FC2B5C3BB100B774A8 /* Preview Content */,
				EA7E82532B5E838A00463BC6 /* ServiceAPI */,
				EA14E2AA2B602D5600B4F9E5 /* View */,
				EA03B58D2B629CDC008BF435 /* RecipeModel.xcdatamodeld */,
				EA03B5902B629F4E008BF435 /* PersistenceController.swift */,
			);
			path = Reciplease;
			sourceTree = "<group>";
		};
		EA4921FC2B5C3BB100B774A8 /* Preview Content */ = {
			isa = PBXGroup;
			children = (
				EA4921FD2B5C3BB100B774A8 /* Preview Assets.xcassets */,
			);
			path = "Preview Content";
			sourceTree = "<group>";
		};
		EA49220B2B5C3BB100B774A8 /* RecipleaseTests */ = {
			isa = PBXGroup;
			children = (
				EA49220C2B5C3BB100B774A8 /* RecipleaseTests.swift */,
			);
			path = RecipleaseTests;
			sourceTree = "<group>";
		};
		EA4922152B5C3BB100B774A8 /* RecipleaseUITests */ = {
			isa = PBXGroup;
			children = (
				EA4922162B5C3BB100B774A8 /* RecipleaseUITests.swift */,
				EA4922182B5C3BB100B774A8 /* RecipleaseUITestsLaunchTests.swift */,
			);
			path = RecipleaseUITests;
			sourceTree = "<group>";
		};
		EA7E82532B5E838A00463BC6 /* ServiceAPI */ = {
			isa = PBXGroup;
			children = (
				EA7E82542B5E838A00463BC6 /* SearchRecipe.swift */,
				EA7E82552B5E838A00463BC6 /* SearchRecipeDetails.swift */,
			);
			name = ServiceAPI;
			path = Reciplease/ServiceAPI;
			sourceTree = SOURCE_ROOT;
		};
/* End PBXGroup section */

/* Begin PBXNativeTarget section */
		EA4921F22B5C3BB000B774A8 /* Reciplease */ = {
			isa = PBXNativeTarget;
			buildConfigurationList = EA49221C2B5C3BB100B774A8 /* Build configuration list for PBXNativeTarget "Reciplease" */;
			buildPhases = (
				EA4921EF2B5C3BB000B774A8 /* Sources */,
				EA4921F02B5C3BB000B774A8 /* Frameworks */,
				EA4921F12B5C3BB000B774A8 /* Resources */,
			);
			buildRules = (
			);
			dependencies = (
			);
			name = Reciplease;
			packageProductDependencies = (
				EA7E82592B5E83EA00463BC6 /* Alamofire */,
			);
			productName = Reciplease;
			productReference = EA4921F32B5C3BB000B774A8 /* Reciplease.app */;
			productType = "com.apple.product-type.application";
		};
		EA4922072B5C3BB100B774A8 /* RecipleaseTests */ = {
			isa = PBXNativeTarget;
			buildConfigurationList = EA49221F2B5C3BB100B774A8 /* Build configuration list for PBXNativeTarget "RecipleaseTests" */;
			buildPhases = (
				EA4922042B5C3BB100B774A8 /* Sources */,
				EA4922052B5C3BB100B774A8 /* Frameworks */,
				EA4922062B5C3BB100B774A8 /* Resources */,
			);
			buildRules = (
			);
			dependencies = (
				EA49220A2B5C3BB100B774A8 /* PBXTargetDependency */,
			);
			name = RecipleaseTests;
			productName = RecipleaseTests;
			productReference = EA4922082B5C3BB100B774A8 /* RecipleaseTests.xctest */;
			productType = "com.apple.product-type.bundle.unit-test";
		};
		EA4922112B5C3BB100B774A8 /* RecipleaseUITests */ = {
			isa = PBXNativeTarget;
			buildConfigurationList = EA4922222B5C3BB100B774A8 /* Build configuration list for PBXNativeTarget "RecipleaseUITests" */;
			buildPhases = (
				EA49220E2B5C3BB100B774A8 /* Sources */,
				EA49220F2B5C3BB100B774A8 /* Frameworks */,
				EA4922102B5C3BB100B774A8 /* Resources */,
			);
			buildRules = (
			);
			dependencies = (
				EA4922142B5C3BB100B774A8 /* PBXTargetDependency */,
			);
			name = RecipleaseUITests;
			productName = RecipleaseUITests;
			productReference = EA4922122B5C3BB100B774A8 /* RecipleaseUITests.xctest */;
			productType = "com.apple.product-type.bundle.ui-testing";
		};
/* End PBXNativeTarget section */

/* Begin PBXProject section */
		EA4921EB2B5C3BB000B774A8 /* Project object */ = {
			isa = PBXProject;
			attributes = {
				BuildIndependentTargetsInParallel = 1;
				LastSwiftUpdateCheck = 1500;
				LastUpgradeCheck = 1500;
				TargetAttributes = {
					EA4921F22B5C3BB000B774A8 = {
						CreatedOnToolsVersion = 15.0.1;
					};
					EA4922072B5C3BB100B774A8 = {
						CreatedOnToolsVersion = 15.0.1;
						TestTargetID = EA4921F22B5C3BB000B774A8;
					};
					EA4922112B5C3BB100B774A8 = {
						CreatedOnToolsVersion = 15.0.1;
						TestTargetID = EA4921F22B5C3BB000B774A8;
					};
				};
			};
			buildConfigurationList = EA4921EE2B5C3BB000B774A8 /* Build configuration list for PBXProject "Reciplease" */;
			compatibilityVersion = "Xcode 14.0";
			developmentRegion = en;
			hasScannedForEncodings = 0;
			knownRegions = (
				en,
				Base,
			);
			mainGroup = EA4921EA2B5C3BB000B774A8;
			packageReferences = (
				EA7E82582B5E83EA00463BC6 /* XCRemoteSwiftPackageReference "Alamofire" */,
			);
			productRefGroup = EA4921F42B5C3BB000B774A8 /* Products */;
			projectDirPath = "";
			projectRoot = "";
			targets = (
				EA4921F22B5C3BB000B774A8 /* Reciplease */,
				EA4922072B5C3BB100B774A8 /* RecipleaseTests */,
				EA4922112B5C3BB100B774A8 /* RecipleaseUITests */,
			);
		};
/* End PBXProject section */

/* Begin PBXResourcesBuildPhase section */
		EA4921F12B5C3BB000B774A8 /* Resources */ = {
			isa = PBXResourcesBuildPhase;
			buildActionMask = 2147483647;
			files = (
				EA4921FE2B5C3BB100B774A8 /* Preview Assets.xcassets in Resources */,
				EA4921FB2B5C3BB100B774A8 /* Assets.xcassets in Resources */,
			);
			runOnlyForDeploymentPostprocessing = 0;
		};
		EA4922062B5C3BB100B774A8 /* Resources */ = {
			isa = PBXResourcesBuildPhase;
			buildActionMask = 2147483647;
			files = (
			);
			runOnlyForDeploymentPostprocessing = 0;
		};
		EA4922102B5C3BB100B774A8 /* Resources */ = {
			isa = PBXResourcesBuildPhase;
			buildActionMask = 2147483647;
			files = (
			);
			runOnlyForDeploymentPostprocessing = 0;
		};
/* End PBXResourcesBuildPhase section */

/* Begin PBXSourcesBuildPhase section */
		EA4921EF2B5C3BB000B774A8 /* Sources */ = {
			isa = PBXSourcesBuildPhase;
			buildActionMask = 2147483647;
			files = (
				EA7E825E2B5EB4C200463BC6 /* ListRecipe.swift in Sources */,
				EA49222A2B5C420C00B774A8 /* FavoriteView.swift in Sources */,
				EA03B58F2B629CDC008BF435 /* RecipeModel.xcdatamodeld in Sources */,
				EA4922262B5C413700B774A8 /* MainView.swift in Sources */,
				EA14E2AC2B602D8000B4F9E5 /* DetailsRecipeView.swift in Sources */,
				EA4922282B5C41F800B774A8 /* SearchView.swift in Sources */,
				EA7E825B2B5EA5A200463BC6 /* SearchRecipe.swift in Sources */,
				EA7E825C2B5EA5A500463BC6 /* SearchRecipeDetails.swift in Sources */,
				EA4921F72B5C3BB000B774A8 /* RecipleaseApp.swift in Sources */,
				EA03B5912B629F4E008BF435 /* PersistenceController.swift in Sources */,
			);
			runOnlyForDeploymentPostprocessing = 0;
		};
		EA4922042B5C3BB100B774A8 /* Sources */ = {
			isa = PBXSourcesBuildPhase;
			buildActionMask = 2147483647;
			files = (
				EA49220D2B5C3BB100B774A8 /* RecipleaseTests.swift in Sources */,
			);
			runOnlyForDeploymentPostprocessing = 0;
		};
		EA49220E2B5C3BB100B774A8 /* Sources */ = {
			isa = PBXSourcesBuildPhase;
			buildActionMask = 2147483647;
			files = (
				EA7E82562B5E838A00463BC6 /* SearchRecipe.swift in Sources */,
				EA4922172B5C3BB100B774A8 /* RecipleaseUITests.swift in Sources */,
				EA4922192B5C3BB100B774A8 /* RecipleaseUITestsLaunchTests.swift in Sources */,
			);
			runOnlyForDeploymentPostprocessing = 0;
		};
/* End PBXSourcesBuildPhase section */

/* Begin PBXTargetDependency section */
		EA49220A2B5C3BB100B774A8 /* PBXTargetDependency */ = {
			isa = PBXTargetDependency;
			target = EA4921F22B5C3BB000B774A8 /* Reciplease */;
			targetProxy = EA4922092B5C3BB100B774A8 /* PBXContainerItemProxy */;
		};
		EA4922142B5C3BB100B774A8 /* PBXTargetDependency */ = {
			isa = PBXTargetDependency;
			target = EA4921F22B5C3BB000B774A8 /* Reciplease */;
			targetProxy = EA4922132B5C3BB100B774A8 /* PBXContainerItemProxy */;
		};
/* End PBXTargetDependency section */

/* Begin XCBuildConfiguration section */
		EA49221A2B5C3BB100B774A8 /* Debug */ = {
			isa = XCBuildConfiguration;
			buildSettings = {
				ALWAYS_SEARCH_USER_PATHS = NO;
				ASSETCATALOG_COMPILER_GENERATE_SWIFT_ASSET_SYMBOL_EXTENSIONS = YES;
				CLANG_ANALYZER_NONNULL = YES;
				CLANG_ANALYZER_NUMBER_OBJECT_CONVERSION = YES_AGGRESSIVE;
				CLANG_CXX_LANGUAGE_STANDARD = "gnu++20";
				CLANG_ENABLE_MODULES = YES;
				CLANG_ENABLE_OBJC_ARC = YES;
				CLANG_ENABLE_OBJC_WEAK = YES;
				CLANG_WARN_BLOCK_CAPTURE_AUTORELEASING = YES;
				CLANG_WARN_BOOL_CONVERSION = YES;
				CLANG_WARN_COMMA = YES;
				CLANG_WARN_CONSTANT_CONVERSION = YES;
				CLANG_WARN_DEPRECATED_OBJC_IMPLEMENTATIONS = YES;
				CLANG_WARN_DIRECT_OBJC_ISA_USAGE = YES_ERROR;
				CLANG_WARN_DOCUMENTATION_COMMENTS = YES;
				CLANG_WARN_EMPTY_BODY = YES;
				CLANG_WARN_ENUM_CONVERSION = YES;
				CLANG_WARN_INFINITE_RECURSION = YES;
				CLANG_WARN_INT_CONVERSION = YES;
				CLANG_WARN_NON_LITERAL_NULL_CONVERSION = YES;
				CLANG_WARN_OBJC_IMPLICIT_RETAIN_SELF = YES;
				CLANG_WARN_OBJC_LITERAL_CONVERSION = YES;
				CLANG_WARN_OBJC_ROOT_CLASS = YES_ERROR;
				CLANG_WARN_QUOTED_INCLUDE_IN_FRAMEWORK_HEADER = YES;
				CLANG_WARN_RANGE_LOOP_ANALYSIS = YES;
				CLANG_WARN_STRICT_PROTOTYPES = YES;
				CLANG_WARN_SUSPICIOUS_MOVE = YES;
				CLANG_WARN_UNGUARDED_AVAILABILITY = YES_AGGRESSIVE;
				CLANG_WARN_UNREACHABLE_CODE = YES;
				CLANG_WARN__DUPLICATE_METHOD_MATCH = YES;
				COPY_PHASE_STRIP = NO;
				DEBUG_INFORMATION_FORMAT = dwarf;
				ENABLE_STRICT_OBJC_MSGSEND = YES;
				ENABLE_TESTABILITY = YES;
				ENABLE_USER_SCRIPT_SANDBOXING = YES;
				GCC_C_LANGUAGE_STANDARD = gnu17;
				GCC_DYNAMIC_NO_PIC = NO;
				GCC_NO_COMMON_BLOCKS = YES;
				GCC_OPTIMIZATION_LEVEL = 0;
				GCC_PREPROCESSOR_DEFINITIONS = (
					"DEBUG=1",
					"$(inherited)",
				);
				GCC_WARN_64_TO_32_BIT_CONVERSION = YES;
				GCC_WARN_ABOUT_RETURN_TYPE = YES_ERROR;
				GCC_WARN_UNDECLARED_SELECTOR = YES;
				GCC_WARN_UNINITIALIZED_AUTOS = YES_AGGRESSIVE;
				GCC_WARN_UNUSED_FUNCTION = YES;
				GCC_WARN_UNUSED_VARIABLE = YES;
				IPHONEOS_DEPLOYMENT_TARGET = 17.0;
				LOCALIZATION_PREFERS_STRING_CATALOGS = YES;
				MTL_ENABLE_DEBUG_INFO = INCLUDE_SOURCE;
				MTL_FAST_MATH = YES;
				ONLY_ACTIVE_ARCH = YES;
				SDKROOT = iphoneos;
				SWIFT_ACTIVE_COMPILATION_CONDITIONS = "DEBUG $(inherited)";
				SWIFT_OPTIMIZATION_LEVEL = "-Onone";
			};
			name = Debug;
		};
		EA49221B2B5C3BB100B774A8 /* Release */ = {
			isa = XCBuildConfiguration;
			buildSettings = {
				ALWAYS_SEARCH_USER_PATHS = NO;
				ASSETCATALOG_COMPILER_GENERATE_SWIFT_ASSET_SYMBOL_EXTENSIONS = YES;
				CLANG_ANALYZER_NONNULL = YES;
				CLANG_ANALYZER_NUMBER_OBJECT_CONVERSION = YES_AGGRESSIVE;
				CLANG_CXX_LANGUAGE_STANDARD = "gnu++20";
				CLANG_ENABLE_MODULES = YES;
				CLANG_ENABLE_OBJC_ARC = YES;
				CLANG_ENABLE_OBJC_WEAK = YES;
				CLANG_WARN_BLOCK_CAPTURE_AUTORELEASING = YES;
				CLANG_WARN_BOOL_CONVERSION = YES;
				CLANG_WARN_COMMA = YES;
				CLANG_WARN_CONSTANT_CONVERSION = YES;
				CLANG_WARN_DEPRECATED_OBJC_IMPLEMENTATIONS = YES;
				CLANG_WARN_DIRECT_OBJC_ISA_USAGE = YES_ERROR;
				CLANG_WARN_DOCUMENTATION_COMMENTS = YES;
				CLANG_WARN_EMPTY_BODY = YES;
				CLANG_WARN_ENUM_CONVERSION = YES;
				CLANG_WARN_INFINITE_RECURSION = YES;
				CLANG_WARN_INT_CONVERSION = YES;
				CLANG_WARN_NON_LITERAL_NULL_CONVERSION = YES;
				CLANG_WARN_OBJC_IMPLICIT_RETAIN_SELF = YES;
				CLANG_WARN_OBJC_LITERAL_CONVERSION = YES;
				CLANG_WARN_OBJC_ROOT_CLASS = YES_ERROR;
				CLANG_WARN_QUOTED_INCLUDE_IN_FRAMEWORK_HEADER = YES;
				CLANG_WARN_RANGE_LOOP_ANALYSIS = YES;
				CLANG_WARN_STRICT_PROTOTYPES = YES;
				CLANG_WARN_SUSPICIOUS_MOVE = YES;
				CLANG_WARN_UNGUARDED_AVAILABILITY = YES_AGGRESSIVE;
				CLANG_WARN_UNREACHABLE_CODE = YES;
				CLANG_WARN__DUPLICATE_METHOD_MATCH = YES;
				COPY_PHASE_STRIP = NO;
				DEBUG_INFORMATION_FORMAT = "dwarf-with-dsym";
				ENABLE_NS_ASSERTIONS = NO;
				ENABLE_STRICT_OBJC_MSGSEND = YES;
				ENABLE_USER_SCRIPT_SANDBOXING = YES;
				GCC_C_LANGUAGE_STANDARD = gnu17;
				GCC_NO_COMMON_BLOCKS = YES;
				GCC_WARN_64_TO_32_BIT_CONVERSION = YES;
				GCC_WARN_ABOUT_RETURN_TYPE = YES_ERROR;
				GCC_WARN_UNDECLARED_SELECTOR = YES;
				GCC_WARN_UNINITIALIZED_AUTOS = YES_AGGRESSIVE;
				GCC_WARN_UNUSED_FUNCTION = YES;
				GCC_WARN_UNUSED_VARIABLE = YES;
				IPHONEOS_DEPLOYMENT_TARGET = 17.0;
				LOCALIZATION_PREFERS_STRING_CATALOGS = YES;
				MTL_ENABLE_DEBUG_INFO = NO;
				MTL_FAST_MATH = YES;
				SDKROOT = iphoneos;
				SWIFT_COMPILATION_MODE = wholemodule;
				VALIDATE_PRODUCT = YES;
			};
			name = Release;
		};
		EA49221D2B5C3BB100B774A8 /* Debug */ = {
			isa = XCBuildConfiguration;
			buildSettings = {
				ASSETCATALOG_COMPILER_APPICON_NAME = AppIcon;
				ASSETCATALOG_COMPILER_GLOBAL_ACCENT_COLOR_NAME = AccentColor;
				CODE_SIGN_STYLE = Automatic;
				CURRENT_PROJECT_VERSION = 1;
				DEVELOPMENT_ASSET_PATHS = "\"Reciplease/Preview Content\"";
				DEVELOPMENT_TEAM = GU3LAYFDV6;
				ENABLE_PREVIEWS = YES;
				GENERATE_INFOPLIST_FILE = YES;
				INFOPLIST_KEY_UIApplicationSceneManifest_Generation = YES;
				INFOPLIST_KEY_UIApplicationSupportsIndirectInputEvents = YES;
				INFOPLIST_KEY_UILaunchScreen_Generation = YES;
				INFOPLIST_KEY_UISupportedInterfaceOrientations_iPad = "UIInterfaceOrientationPortrait UIInterfaceOrientationPortraitUpsideDown UIInterfaceOrientationLandscapeLeft UIInterfaceOrientationLandscapeRight";
				INFOPLIST_KEY_UISupportedInterfaceOrientations_iPhone = "UIInterfaceOrientationPortrait UIInterfaceOrientationLandscapeLeft UIInterfaceOrientationLandscapeRight";
				LD_RUNPATH_SEARCH_PATHS = (
					"$(inherited)",
					"@executable_path/Frameworks",
				);
				MARKETING_VERSION = 1.0;
				PRODUCT_BUNDLE_IDENTIFIER = comwassimee.Reciplease;
				PRODUCT_NAME = "$(TARGET_NAME)";
				SWIFT_EMIT_LOC_STRINGS = YES;
				SWIFT_VERSION = 5.0;
				TARGETED_DEVICE_FAMILY = "1,2";
			};
			name = Debug;
		};
		EA49221E2B5C3BB100B774A8 /* Release */ = {
			isa = XCBuildConfiguration;
			buildSettings = {
				ASSETCATALOG_COMPILER_APPICON_NAME = AppIcon;
				ASSETCATALOG_COMPILER_GLOBAL_ACCENT_COLOR_NAME = AccentColor;
				CODE_SIGN_STYLE = Automatic;
				CURRENT_PROJECT_VERSION = 1;
				DEVELOPMENT_ASSET_PATHS = "\"Reciplease/Preview Content\"";
				DEVELOPMENT_TEAM = GU3LAYFDV6;
				ENABLE_PREVIEWS = YES;
				GENERATE_INFOPLIST_FILE = YES;
				INFOPLIST_KEY_UIApplicationSceneManifest_Generation = YES;
				INFOPLIST_KEY_UIApplicationSupportsIndirectInputEvents = YES;
				INFOPLIST_KEY_UILaunchScreen_Generation = YES;
				INFOPLIST_KEY_UISupportedInterfaceOrientations_iPad = "UIInterfaceOrientationPortrait UIInterfaceOrientationPortraitUpsideDown UIInterfaceOrientationLandscapeLeft UIInterfaceOrientationLandscapeRight";
				INFOPLIST_KEY_UISupportedInterfaceOrientations_iPhone = "UIInterfaceOrientationPortrait UIInterfaceOrientationLandscapeLeft UIInterfaceOrientationLandscapeRight";
				LD_RUNPATH_SEARCH_PATHS = (
					"$(inherited)",
					"@executable_path/Frameworks",
				);
				MARKETING_VERSION = 1.0;
				PRODUCT_BUNDLE_IDENTIFIER = comwassimee.Reciplease;
				PRODUCT_NAME = "$(TARGET_NAME)";
				SWIFT_EMIT_LOC_STRINGS = YES;
				SWIFT_VERSION = 5.0;
				TARGETED_DEVICE_FAMILY = "1,2";
			};
			name = Release;
		};
		EA4922202B5C3BB100B774A8 /* Debug */ = {
			isa = XCBuildConfiguration;
			buildSettings = {
				ALWAYS_EMBED_SWIFT_STANDARD_LIBRARIES = YES;
				BUNDLE_LOADER = "$(TEST_HOST)";
				CODE_SIGN_STYLE = Automatic;
				CURRENT_PROJECT_VERSION = 1;
				DEVELOPMENT_TEAM = GU3LAYFDV6;
				GENERATE_INFOPLIST_FILE = YES;
				IPHONEOS_DEPLOYMENT_TARGET = 17.0;
				MARKETING_VERSION = 1.0;
				PRODUCT_BUNDLE_IDENTIFIER = comwassimee.RecipleaseTests;
				PRODUCT_NAME = "$(TARGET_NAME)";
				SWIFT_EMIT_LOC_STRINGS = NO;
				SWIFT_VERSION = 5.0;
				TARGETED_DEVICE_FAMILY = "1,2";
				TEST_HOST = "$(BUILT_PRODUCTS_DIR)/Reciplease.app/$(BUNDLE_EXECUTABLE_FOLDER_PATH)/Reciplease";
			};
			name = Debug;
		};
		EA4922212B5C3BB100B774A8 /* Release */ = {
			isa = XCBuildConfiguration;
			buildSettings = {
				ALWAYS_EMBED_SWIFT_STANDARD_LIBRARIES = YES;
				BUNDLE_LOADER = "$(TEST_HOST)";
				CODE_SIGN_STYLE = Automatic;
				CURRENT_PROJECT_VERSION = 1;
				DEVELOPMENT_TEAM = GU3LAYFDV6;
				GENERATE_INFOPLIST_FILE = YES;
				IPHONEOS_DEPLOYMENT_TARGET = 17.0;
				MARKETING_VERSION = 1.0;
				PRODUCT_BUNDLE_IDENTIFIER = comwassimee.RecipleaseTests;
				PRODUCT_NAME = "$(TARGET_NAME)";
				SWIFT_EMIT_LOC_STRINGS = NO;
				SWIFT_VERSION = 5.0;
				TARGETED_DEVICE_FAMILY = "1,2";
				TEST_HOST = "$(BUILT_PRODUCTS_DIR)/Reciplease.app/$(BUNDLE_EXECUTABLE_FOLDER_PATH)/Reciplease";
			};
			name = Release;
		};
		EA4922232B5C3BB100B774A8 /* Debug */ = {
			isa = XCBuildConfiguration;
			buildSettings = {
				ALWAYS_EMBED_SWIFT_STANDARD_LIBRARIES = YES;
				CODE_SIGN_STYLE = Automatic;
				CURRENT_PROJECT_VERSION = 1;
				DEVELOPMENT_TEAM = GU3LAYFDV6;
				GENERATE_INFOPLIST_FILE = YES;
				MARKETING_VERSION = 1.0;
				PRODUCT_BUNDLE_IDENTIFIER = comwassimee.RecipleaseUITests;
				PRODUCT_NAME = "$(TARGET_NAME)";
				SWIFT_EMIT_LOC_STRINGS = NO;
				SWIFT_VERSION = 5.0;
				TARGETED_DEVICE_FAMILY = "1,2";
				TEST_TARGET_NAME = Reciplease;
			};
			name = Debug;
		};
		EA4922242B5C3BB100B774A8 /* Release */ = {
			isa = XCBuildConfiguration;
			buildSettings = {
				ALWAYS_EMBED_SWIFT_STANDARD_LIBRARIES = YES;
				CODE_SIGN_STYLE = Automatic;
				CURRENT_PROJECT_VERSION = 1;
				DEVELOPMENT_TEAM = GU3LAYFDV6;
				GENERATE_INFOPLIST_FILE = YES;
				MARKETING_VERSION = 1.0;
				PRODUCT_BUNDLE_IDENTIFIER = comwassimee.RecipleaseUITests;
				PRODUCT_NAME = "$(TARGET_NAME)";
				SWIFT_EMIT_LOC_STRINGS = NO;
				SWIFT_VERSION = 5.0;
				TARGETED_DEVICE_FAMILY = "1,2";
				TEST_TARGET_NAME = Reciplease;
			};
			name = Release;
		};
/* End XCBuildConfiguration section */

/* Begin XCConfigurationList section */
		EA4921EE2B5C3BB000B774A8 /* Build configuration list for PBXProject "Reciplease" */ = {
			isa = XCConfigurationList;
			buildConfigurations = (
				EA49221A2B5C3BB100B774A8 /* Debug */,
				EA49221B2B5C3BB100B774A8 /* Release */,
			);
			defaultConfigurationIsVisible = 0;
			defaultConfigurationName = Release;
		};
		EA49221C2B5C3BB100B774A8 /* Build configuration list for PBXNativeTarget "Reciplease" */ = {
			isa = XCConfigurationList;
			buildConfigurations = (
				EA49221D2B5C3BB100B774A8 /* Debug */,
				EA49221E2B5C3BB100B774A8 /* Release */,
			);
			defaultConfigurationIsVisible = 0;
			defaultConfigurationName = Release;
		};
		EA49221F2B5C3BB100B774A8 /* Build configuration list for PBXNativeTarget "RecipleaseTests" */ = {
			isa = XCConfigurationList;
			buildConfigurations = (
				EA4922202B5C3BB100B774A8 /* Debug */,
				EA4922212B5C3BB100B774A8 /* Release */,
			);
			defaultConfigurationIsVisible = 0;
			defaultConfigurationName = Release;
		};
		EA4922222B5C3BB100B774A8 /* Build configuration list for PBXNativeTarget "RecipleaseUITests" */ = {
			isa = XCConfigurationList;
			buildConfigurations = (
				EA4922232B5C3BB100B774A8 /* Debug */,
				EA4922242B5C3BB100B774A8 /* Release */,
			);
			defaultConfigurationIsVisible = 0;
			defaultConfigurationName = Release;
		};
/* End XCConfigurationList section */

/* Begin XCRemoteSwiftPackageReference section */
		EA7E82582B5E83EA00463BC6 /* XCRemoteSwiftPackageReference "Alamofire" */ = {
			isa = XCRemoteSwiftPackageReference;
			repositoryURL = "https://github.com/Alamofire/Alamofire.git";
			requirement = {
				kind = upToNextMajorVersion;
				minimumVersion = 5.8.1;
			};
		};
/* End XCRemoteSwiftPackageReference section */

/* Begin XCSwiftPackageProductDependency section */
		EA7E82592B5E83EA00463BC6 /* Alamofire */ = {
			isa = XCSwiftPackageProductDependency;
			package = EA7E82582B5E83EA00463BC6 /* XCRemoteSwiftPackageReference "Alamofire" */;
			productName = Alamofire;
		};
/* End XCSwiftPackageProductDependency section */

/* Begin XCVersionGroup section */
		EA03B58D2B629CDC008BF435 /* RecipeModel.xcdatamodeld */ = {
			isa = XCVersionGroup;
			children = (
				EA03B58E2B629CDC008BF435 /* RecipeModel.xcdatamodel */,
			);
			currentVersion = EA03B58E2B629CDC008BF435 /* RecipeModel.xcdatamodel */;
			path = RecipeModel.xcdatamodeld;
			sourceTree = "<group>";
			versionGroupType = wrapper.xcdatamodel;
		};
/* End XCVersionGroup section */
	};
	rootObject = EA4921EB2B5C3BB000B774A8 /* Project object */;
}
